
Microsoft Visual Studio Solution File, Format Version 12.00
Project("{FAE04EC0-301F-11D3-BF4B-00C04F79EFBC}") = "MSD.Crux.API", "MSD.Crux.API\MSD.Crux.API.csproj", "{7E87DDCA-7B3A-434A-AC18-990898D215DB}"
EndProject
Project("{FAE04EC0-301F-11D3-BF4B-00C04F79EFBC}") = "MSD.Crux.Tests", "MSD.Crux.Tests\MSD.Crux.Tests.csproj", "{7E1B34C3-852B-42C4-97DA-E3AAF0E95A96}"
EndProject
Project("{FAE04EC0-301F-11D3-BF4B-00C04F79EFBC}") = "MSD.Crux.Core", "MSD.Crux.Core\MSD.Crux.Core.csproj", "{93C6441A-7EAD-41F9-8025-53554D11EA2C}"
EndProject
Global
	GlobalSection(SolutionConfigurationPlatforms) = preSolution
		Debug|Any CPU = Debug|Any CPU
		Release|Any CPU = Release|Any CPU
	EndGlobalSection
	GlobalSection(ProjectConfigurationPlatforms) = postSolution
		{7E87DDCA-7B3A-434A-AC18-990898D215DB}.Debug|Any CPU.ActiveCfg = Debug|Any CPU
		{7E87DDCA-7B3A-434A-AC18-990898D215DB}.Debug|Any CPU.Build.0 = Debug|Any CPU
		{7E87DDCA-7B3A-434A-AC18-990898D215DB}.Release|Any CPU.ActiveCfg = Release|Any CPU
		{7E87DDCA-7B3A-434A-AC18-990898D215DB}.Release|Any CPU.Build.0 = Release|Any CPU
		{7E1B34C3-852B-42C4-97DA-E3AAF0E95A96}.Debug|Any CPU.ActiveCfg = Debug|Any CPU
		{7E1B34C3-852B-42C4-97DA-E3AAF0E95A96}.Debug|Any CPU.Build.0 = Debug|Any CPU
		{7E1B34C3-852B-42C4-97DA-E3AAF0E95A96}.Release|Any CPU.ActiveCfg = Release|Any CPU
		{7E1B34C3-852B-42C4-97DA-E3AAF0E95A96}.Release|Any CPU.Build.0 = Release|Any CPU
		{93C6441A-7EAD-41F9-8025-53554D11EA2C}.Debug|Any CPU.ActiveCfg = Debug|Any CPU
		{93C6441A-7EAD-41F9-8025-53554D11EA2C}.Debug|Any CPU.Build.0 = Debug|Any CPU
		{93C6441A-7EAD-41F9-8025-53554D11EA2C}.Release|Any CPU.ActiveCfg = Release|Any CPU
		{93C6441A-7EAD-41F9-8025-53554D11EA2C}.Release|Any CPU.Build.0 = Release|Any CPU
	EndGlobalSection
EndGlobal
