
Microsoft Visual Studio Solution File, Format Version 12.00
# Visual Studio Version 17
VisualStudioVersion = 17.11.35327.3
MinimumVisualStudioVersion = 10.0.40219.1
Project("{9A19103F-16F7-4668-BE54-9A1E7A4F7556}") = "MSD.Crux.API", "MSD.Crux.API\MSD.Crux.API.csproj", "{7E87DDCA-7B3A-434A-AC18-990898D215DB}"
EndProject
Project("{9A19103F-16F7-4668-BE54-9A1E7A4F7556}") = "MSD.Crux.Tests", "MSD.Crux.Tests\MSD.Crux.Tests.csproj", "{7E1B34C3-852B-42C4-97DA-E3AAF0E95A96}"
EndProject
Project("{9A19103F-16F7-4668-BE54-9A1E7A4F7556}") = "MSD.Crux.Core", "MSD.Crux.Core\MSD.Crux.Core.csproj", "{93C6441A-7EAD-41F9-8025-53554D11EA2C}"
EndProject
Project("{9A19103F-16F7-4668-BE54-9A1E7A4F7556}") = "MSD.Crux.Common", "MSD.Crux.Common\MSD.Crux.Common.csproj", "{296CA563-608C-410A-86DF-6C6E20D92C17}"
EndProject
Project("{9A19103F-16F7-4668-BE54-9A1E7A4F7556}") = "MSD.Crux.Infra", "MSD.Crux.Infra\MSD.Crux.Infra.csproj", "{B6EB6F7E-66C7-40ED-81C0-64A2979FA981}"
EndProject
Project("{9A19103F-16F7-4668-BE54-9A1E7A4F7556}") = "MSD.Crux.Host", "MSD.Crux.Host\MSD.Crux.Host.csproj", "{441C41BB-2E7A-43CD-BBEC-660ED67547BC}"
EndProject
Project("{2150E333-8FDC-42A3-9474-1A3956D46DE8}") = "CruxServer", "CruxServer", "{13711011-E233-49A9-B81F-2525535CB442}"
EndProject
Project("{2150E333-8FDC-42A3-9474-1A3956D46DE8}") = "Standalone", "Standalone", "{D1C57756-420C-4781-9971-A5D7FDBDF3A7}"
EndProject
Project("{9A19103F-16F7-4668-BE54-9A1E7A4F7556}") = "MSD.TCPServer", "MSD.TCPServer\MSD.TCPServer.csproj", "{1A7A7D93-6AE8-4D6C-B22E-633CC023E8BE}"
EndProject
Project("{FAE04EC0-301F-11D3-BF4B-00C04F79EFBC}") = "MSD.TCPClient", "MSD.TCPClient\MSD.TCPClient.csproj", "{02F6382D-D1AA-4D54-A04F-30119E8E01C7}"
EndProject
Project("{FAE04EC0-301F-11D3-BF4B-00C04F79EFBC}") = "MSD.Crux.Shared", "MSD.Crux.Shared\MSD.Crux.Shared.csproj", "{CBBC2CBE-8AB9-43DE-8A1D-6575EB637DBB}"
EndProject
Project("{2150E333-8FDC-42A3-9474-1A3956D46DE8}") = "Libraries", "Libraries", "{8F1034D1-902E-4CF6-B58E-36187817D07B}"
EndProject
Project("{2150E333-8FDC-42A3-9474-1A3956D46DE8}") = "Testing", "Testing", "{9C56EE00-E2E5-4C7E-9870-E8615E9EBD91}"
EndProject
Project("{FAE04EC0-301F-11D3-BF4B-00C04F79EFBC}") = "MSD.Crux.DevTool", "MSD.Crux.DevTool\MSD.Crux.DevTool.csproj", "{31DEA77E-D730-4E8B-A57C-4D66DD62FFD7}"
EndProject
Project("{2150E333-8FDC-42A3-9474-1A3956D46DE8}") = "Presentation", "Presentation", "{75A7DAE1-5707-4FBC-AFF3-C55352628FC8}"
EndProject
Project("{2150E333-8FDC-42A3-9474-1A3956D46DE8}") = "CoreAndInfra", "CoreAndInfra", "{31095225-31C5-45D8-AB6A-BFF40B1BB5E7}"
EndProject
Project("{2150E333-8FDC-42A3-9474-1A3956D46DE8}") = "HostAndDI", "HostAndDI", "{291FC78A-6665-4705-8887-B9CABDD6DB55}"
EndProject
Global
	GlobalSection(SolutionConfigurationPlatforms) = preSolution
		Debug|Any CPU = Debug|Any CPU
		Release|Any CPU = Release|Any CPU
	EndGlobalSection
	GlobalSection(ProjectConfigurationPlatforms) = postSolution
		{7E87DDCA-7B3A-434A-AC18-990898D215DB}.Debug|Any CPU.ActiveCfg = Debug|Any CPU
		{7E87DDCA-7B3A-434A-AC18-990898D215DB}.Debug|Any CPU.Build.0 = Debug|Any CPU
		{7E87DDCA-7B3A-434A-AC18-990898D215DB}.Release|Any CPU.ActiveCfg = Release|Any CPU
		{7E87DDCA-7B3A-434A-AC18-990898D215DB}.Release|Any CPU.Build.0 = Release|Any CPU
		{7E1B34C3-852B-42C4-97DA-E3AAF0E95A96}.Debug|Any CPU.ActiveCfg = Debug|Any CPU
		{7E1B34C3-852B-42C4-97DA-E3AAF0E95A96}.Debug|Any CPU.Build.0 = Debug|Any CPU
		{7E1B34C3-852B-42C4-97DA-E3AAF0E95A96}.Release|Any CPU.ActiveCfg = Release|Any CPU
		{7E1B34C3-852B-42C4-97DA-E3AAF0E95A96}.Release|Any CPU.Build.0 = Release|Any CPU
		{93C6441A-7EAD-41F9-8025-53554D11EA2C}.Debug|Any CPU.ActiveCfg = Debug|Any CPU
		{93C6441A-7EAD-41F9-8025-53554D11EA2C}.Debug|Any CPU.Build.0 = Debug|Any CPU
		{93C6441A-7EAD-41F9-8025-53554D11EA2C}.Release|Any CPU.ActiveCfg = Release|Any CPU
		{93C6441A-7EAD-41F9-8025-53554D11EA2C}.Release|Any CPU.Build.0 = Release|Any CPU
		{296CA563-608C-410A-86DF-6C6E20D92C17}.Debug|Any CPU.ActiveCfg = Debug|Any CPU
		{296CA563-608C-410A-86DF-6C6E20D92C17}.Debug|Any CPU.Build.0 = Debug|Any CPU
		{296CA563-608C-410A-86DF-6C6E20D92C17}.Release|Any CPU.ActiveCfg = Release|Any CPU
		{296CA563-608C-410A-86DF-6C6E20D92C17}.Release|Any CPU.Build.0 = Release|Any CPU
		{B6EB6F7E-66C7-40ED-81C0-64A2979FA981}.Debug|Any CPU.ActiveCfg = Debug|Any CPU
		{B6EB6F7E-66C7-40ED-81C0-64A2979FA981}.Debug|Any CPU.Build.0 = Debug|Any CPU
		{B6EB6F7E-66C7-40ED-81C0-64A2979FA981}.Release|Any CPU.ActiveCfg = Release|Any CPU
		{B6EB6F7E-66C7-40ED-81C0-64A2979FA981}.Release|Any CPU.Build.0 = Release|Any CPU
		{441C41BB-2E7A-43CD-BBEC-660ED67547BC}.Debug|Any CPU.ActiveCfg = Debug|Any CPU
		{441C41BB-2E7A-43CD-BBEC-660ED67547BC}.Debug|Any CPU.Build.0 = Debug|Any CPU
		{441C41BB-2E7A-43CD-BBEC-660ED67547BC}.Release|Any CPU.ActiveCfg = Release|Any CPU
		{441C41BB-2E7A-43CD-BBEC-660ED67547BC}.Release|Any CPU.Build.0 = Release|Any CPU
		{1A7A7D93-6AE8-4D6C-B22E-633CC023E8BE}.Debug|Any CPU.ActiveCfg = Debug|Any CPU
		{1A7A7D93-6AE8-4D6C-B22E-633CC023E8BE}.Debug|Any CPU.Build.0 = Debug|Any CPU
		{1A7A7D93-6AE8-4D6C-B22E-633CC023E8BE}.Release|Any CPU.ActiveCfg = Release|Any CPU
		{1A7A7D93-6AE8-4D6C-B22E-633CC023E8BE}.Release|Any CPU.Build.0 = Release|Any CPU
		{02F6382D-D1AA-4D54-A04F-30119E8E01C7}.Debug|Any CPU.ActiveCfg = Debug|Any CPU
		{02F6382D-D1AA-4D54-A04F-30119E8E01C7}.Debug|Any CPU.Build.0 = Debug|Any CPU
		{02F6382D-D1AA-4D54-A04F-30119E8E01C7}.Release|Any CPU.ActiveCfg = Release|Any CPU
		{02F6382D-D1AA-4D54-A04F-30119E8E01C7}.Release|Any CPU.Build.0 = Release|Any CPU
		{CBBC2CBE-8AB9-43DE-8A1D-6575EB637DBB}.Debug|Any CPU.ActiveCfg = Debug|Any CPU
		{CBBC2CBE-8AB9-43DE-8A1D-6575EB637DBB}.Debug|Any CPU.Build.0 = Debug|Any CPU
		{CBBC2CBE-8AB9-43DE-8A1D-6575EB637DBB}.Release|Any CPU.ActiveCfg = Release|Any CPU
		{CBBC2CBE-8AB9-43DE-8A1D-6575EB637DBB}.Release|Any CPU.Build.0 = Release|Any CPU
		{31DEA77E-D730-4E8B-A57C-4D66DD62FFD7}.Debug|Any CPU.ActiveCfg = Debug|Any CPU
		{31DEA77E-D730-4E8B-A57C-4D66DD62FFD7}.Debug|Any CPU.Build.0 = Debug|Any CPU
	EndGlobalSection
	GlobalSection(SolutionProperties) = preSolution
		HideSolutionNode = FALSE
	EndGlobalSection
	GlobalSection(NestedProjects) = preSolution
		{1A7A7D93-6AE8-4D6C-B22E-633CC023E8BE} = {D1C57756-420C-4781-9971-A5D7FDBDF3A7}
		{02F6382D-D1AA-4D54-A04F-30119E8E01C7} = {D1C57756-420C-4781-9971-A5D7FDBDF3A7}
		{8F1034D1-902E-4CF6-B58E-36187817D07B} = {13711011-E233-49A9-B81F-2525535CB442}
		{7E1B34C3-852B-42C4-97DA-E3AAF0E95A96} = {9C56EE00-E2E5-4C7E-9870-E8615E9EBD91}
		{31DEA77E-D730-4E8B-A57C-4D66DD62FFD7} = {D1C57756-420C-4781-9971-A5D7FDBDF3A7}
		{296CA563-608C-410A-86DF-6C6E20D92C17} = {8F1034D1-902E-4CF6-B58E-36187817D07B}
		{75A7DAE1-5707-4FBC-AFF3-C55352628FC8} = {13711011-E233-49A9-B81F-2525535CB442}
		{7E87DDCA-7B3A-434A-AC18-990898D215DB} = {75A7DAE1-5707-4FBC-AFF3-C55352628FC8}
		{31095225-31C5-45D8-AB6A-BFF40B1BB5E7} = {13711011-E233-49A9-B81F-2525535CB442}
		{93C6441A-7EAD-41F9-8025-53554D11EA2C} = {31095225-31C5-45D8-AB6A-BFF40B1BB5E7}
		{B6EB6F7E-66C7-40ED-81C0-64A2979FA981} = {31095225-31C5-45D8-AB6A-BFF40B1BB5E7}
		{291FC78A-6665-4705-8887-B9CABDD6DB55} = {13711011-E233-49A9-B81F-2525535CB442}
		{441C41BB-2E7A-43CD-BBEC-660ED67547BC} = {291FC78A-6665-4705-8887-B9CABDD6DB55}
		{CBBC2CBE-8AB9-43DE-8A1D-6575EB637DBB} = {291FC78A-6665-4705-8887-B9CABDD6DB55}
	EndGlobalSection
	GlobalSection(ExtensibilityGlobals) = postSolution
		SolutionGuid = {58DEB651-1E1F-43F5-BB38-E937A3660EDD}
	EndGlobalSection
EndGlobal
